<?xml version="1.0" encoding="utf-8"?>
<Project ToolsVersion="4.0" xmlns="http://schemas.microsoft.com/developer/msbuild/2003">
  <ItemGroup>
    <Filter Include="ソース ファイル">
      <UniqueIdentifier>{4FC737F1-C7A5-4376-A066-2A32D752A2FF}</UniqueIdentifier>
      <Extensions>cpp;c;cc;cxx;c++;def;odl;idl;hpj;bat;asm;asmx</Extensions>
    </Filter>
    <Filter Include="Library">
      <UniqueIdentifier>{1df2b100-6a2d-4cc6-8828-cbe58edc053e}</UniqueIdentifier>
    </Filter>
    <Filter Include="Library\Shader">
      <UniqueIdentifier>{f6260448-7092-4df6-8073-915bb3db3664}</UniqueIdentifier>
    </Filter>
    <Filter Include="Library\Model">
      <UniqueIdentifier>{dc0bb51a-d6b3-48ef-9643-0cb5f663acea}</UniqueIdentifier>
    </Filter>
    <Filter Include="Library\DirectX">
      <UniqueIdentifier>{2cfa4a69-8681-4a5b-976b-640af7c86e93}</UniqueIdentifier>
    </Filter>
    <Filter Include="Library\WindowsAPI">
      <UniqueIdentifier>{1b63aa21-36c3-4da9-bd8e-349fe4a8f1a8}</UniqueIdentifier>
    </Filter>
    <Filter Include="Library\HLSL">
      <UniqueIdentifier>{c714357b-7565-445e-b43a-0a728efcaeb5}</UniqueIdentifier>
    </Filter>
    <Filter Include="Library\Lib">
      <UniqueIdentifier>{f61594d1-4aec-4d5c-9c6a-5859ee254975}</UniqueIdentifier>
    </Filter>
    <Filter Include="Library\Utility">
      <UniqueIdentifier>{dff11f9b-317c-4f62-9d6d-30adbe1a3a12}</UniqueIdentifier>
    </Filter>
  </ItemGroup>
  <ItemGroup>
    <ClCompile Include="src\main.cpp">
      <Filter>ソース ファイル</Filter>
    </ClCompile>
    <ClCompile Include="src\Library\DirectX\DirectXGraphics.cpp">
      <Filter>Library\DirectX</Filter>
    </ClCompile>
    <ClCompile Include="src\Library\DirectX\Graphics2D.cpp">
      <Filter>Library\DirectX</Filter>
    </ClCompile>
    <ClCompile Include="src\Library\Model\Obj.cpp">
      <Filter>Library\Model</Filter>
    </ClCompile>
    <ClCompile Include="src\Library\Shader\PixelShader.cpp">
      <Filter>Library\Shader</Filter>
    </ClCompile>
    <ClCompile Include="src\Library\Shader\ShaderBase.cpp">
      <Filter>Library\Shader</Filter>
    </ClCompile>
    <ClCompile Include="src\Library\Shader\ShaderManager.cpp">
      <Filter>Library\Shader</Filter>
    </ClCompile>
    <ClCompile Include="src\Library\Shader\VertexShader.cpp">
      <Filter>Library\Shader</Filter>
    </ClCompile>
    <ClCompile Include="src\Library\WindowsAPI\Input.cpp">
      <Filter>Library\WindowsAPI</Filter>
    </ClCompile>
    <ClCompile Include="src\Library\WindowsAPI\WindowsAPI.cpp">
      <Filter>Library\WindowsAPI</Filter>
    </ClCompile>
    <ClCompile Include="src\Library\Library.cpp">
      <Filter>Library</Filter>
    </ClCompile>
    <ClCompile Include="src\Library\Model\ObjManager.cpp">
      <Filter>Library\Model</Filter>
    </ClCompile>
    <ClCompile Include="src\Library\DirectX\Camera.cpp">
      <Filter>Library\DirectX</Filter>
    </ClCompile>
    <ClCompile Include="src\Library\DirectX\Matrix.cpp">
      <Filter>Library\DirectX</Filter>
    </ClCompile>
    <ClCompile Include="src\Library\Lib\WICTextureLoader11.cpp">
      <Filter>Library\Lib</Filter>
    </ClCompile>
    <ClCompile Include="src\Library\WindowsAPI\Mouse.cpp">
      <Filter>Library\WindowsAPI</Filter>
    </ClCompile>
    <ClCompile Include="src\Library\DirectX\DirectXTexture.cpp">
      <Filter>Library\DirectX</Filter>
    </ClCompile>
  </ItemGroup>
  <ItemGroup>
    <ClInclude Include="src\Library\DirectX\DirectXGraphics.h">
      <Filter>Library\DirectX</Filter>
    </ClInclude>
    <ClInclude Include="src\Library\DirectX\Graphics2D.h">
      <Filter>Library\DirectX</Filter>
    </ClInclude>
    <ClInclude Include="src\Library\Model\Obj.h">
      <Filter>Library\Model</Filter>
    </ClInclude>
    <ClInclude Include="src\Library\Shader\PixelShader.h">
      <Filter>Library\Shader</Filter>
    </ClInclude>
    <ClInclude Include="src\Library\Shader\ShaderBase.h">
      <Filter>Library\Shader</Filter>
    </ClInclude>
    <ClInclude Include="src\Library\Shader\ShaderManager.h">
      <Filter>Library\Shader</Filter>
    </ClInclude>
    <ClInclude Include="src\Library\Shader\VertexShader.h">
      <Filter>Library\Shader</Filter>
    </ClInclude>
    <ClInclude Include="src\Library\WindowsAPI\Input.h">
      <Filter>Library\WindowsAPI</Filter>
    </ClInclude>
    <ClInclude Include="src\Library\WindowsAPI\WindowsAPI.h">
      <Filter>Library\WindowsAPI</Filter>
    </ClInclude>
    <ClInclude Include="src\Library\Library.h">
      <Filter>Library</Filter>
    </ClInclude>
    <ClInclude Include="src\Library\Model\ObjManager.h">
      <Filter>Library\Model</Filter>
    </ClInclude>
    <ClInclude Include="src\Library\DirectX\Camera.h">
      <Filter>Library\DirectX</Filter>
    </ClInclude>
    <ClInclude Include="src\Library\DirectX\Matrix.h">
      <Filter>Library\DirectX</Filter>
    </ClInclude>
    <ClInclude Include="src\Library\DirectX\DirectXUtility.h">
      <Filter>Library\DirectX</Filter>
    </ClInclude>
    <ClInclude Include="src\Library\DirectX\DirectXTexture.h">
      <Filter>Library\DirectX</Filter>
    </ClInclude>
    <ClInclude Include="src\Library\Lib\WICTextureLoader11.h">
      <Filter>Library\Lib</Filter>
    </ClInclude>
    <ClInclude Include="src\Library\WindowsAPI\Mouse.h">
      <Filter>Library\WindowsAPI</Filter>
    </ClInclude>
    <ClInclude Include="src\Library\Utility\Singleton.h">
      <Filter>Library\Utility</Filter>
    </ClInclude>
  </ItemGroup>
  <ItemGroup>
    <FxCompile Include="src\Library\HLSL\PixelShader.hlsl">
      <Filter>Library\HLSL</Filter>
    </FxCompile>
    <FxCompile Include="src\Library\HLSL\VertexShader.hlsl">
      <Filter>Library\HLSL</Filter>
    </FxCompile>
    <FxCompile Include="src\Library\HLSL\Vertex2D.hlsl">
      <Filter>Library\HLSL</Filter>
    </FxCompile>
    <FxCompile Include="src\Library\HLSL\VertexObj.hlsl">
      <Filter>Library\HLSL</Filter>
    </FxCompile>
    <FxCompile Include="src\Library\HLSL\PixcelTex.hlsl">
      <Filter>Library\HLSL</Filter>
    </FxCompile>
    <FxCompile Include="src\Library\HLSL\VertexTex.hlsl">
      <Filter>Library\HLSL</Filter>
    </FxCompile>
  </ItemGroup>
</Project>