<?xml version="1.0" encoding="utf-8"?>
<Project ToolsVersion="4.0" xmlns="http://schemas.microsoft.com/developer/msbuild/2003">
  <ItemGroup>
    <Filter Include="ソース ファイル">
      <UniqueIdentifier>{4FC737F1-C7A5-4376-A066-2A32D752A2FF}</UniqueIdentifier>
      <Extensions>cpp;c;cc;cxx;c++;def;odl;idl;hpj;bat;asm;asmx</Extensions>
    </Filter>
    <Filter Include="Library">
      <UniqueIdentifier>{1df2b100-6a2d-4cc6-8828-cbe58edc053e}</UniqueIdentifier>
    </Filter>
    <Filter Include="Library\Shader">
      <UniqueIdentifier>{f6260448-7092-4df6-8073-915bb3db3664}</UniqueIdentifier>
    </Filter>
    <Filter Include="Library\Model">
      <UniqueIdentifier>{dc0bb51a-d6b3-48ef-9643-0cb5f663acea}</UniqueIdentifier>
    </Filter>
    <Filter Include="Library\DirectX">
      <UniqueIdentifier>{2cfa4a69-8681-4a5b-976b-640af7c86e93}</UniqueIdentifier>
    </Filter>
    <Filter Include="Library\WindowsAPI">
      <UniqueIdentifier>{1b63aa21-36c3-4da9-bd8e-349fe4a8f1a8}</UniqueIdentifier>
    </Filter>
    <Filter Include="Library\HLSL">
      <UniqueIdentifier>{c714357b-7565-445e-b43a-0a728efcaeb5}</UniqueIdentifier>
    </Filter>
    <Filter Include="Library\Lib">
      <UniqueIdentifier>{f61594d1-4aec-4d5c-9c6a-5859ee254975}</UniqueIdentifier>
    </Filter>
    <Filter Include="Library\Utility">
      <UniqueIdentifier>{dff11f9b-317c-4f62-9d6d-30adbe1a3a12}</UniqueIdentifier>
    </Filter>
    <Filter Include="ソース ファイル\Scene">
      <UniqueIdentifier>{c1eef39b-9ddc-43a7-aca1-e6070bbe0f91}</UniqueIdentifier>
    </Filter>
    <Filter Include="ソース ファイル\Scene\InGame">
      <UniqueIdentifier>{1186adf1-2ef3-4bbe-adad-14f2e5494236}</UniqueIdentifier>
    </Filter>
    <Filter Include="ソース ファイル\Scene\Title">
      <UniqueIdentifier>{66e1e75a-94d5-4430-873d-01676a678230}</UniqueIdentifier>
    </Filter>
    <Filter Include="ソース ファイル\Enemy">
      <UniqueIdentifier>{b65438ab-9b27-4cbf-aeee-a1ad4e1bb909}</UniqueIdentifier>
    </Filter>
  </ItemGroup>
  <ItemGroup>
    <ClCompile Include="src\main.cpp">
      <Filter>ソース ファイル</Filter>
    </ClCompile>
    <ClCompile Include="src\Library\DirectX\DirectXGraphics.cpp">
      <Filter>Library\DirectX</Filter>
    </ClCompile>
    <ClCompile Include="src\Library\DirectX\Graphics2D.cpp">
      <Filter>Library\DirectX</Filter>
    </ClCompile>
    <ClCompile Include="src\Library\Model\Obj.cpp">
      <Filter>Library\Model</Filter>
    </ClCompile>
    <ClCompile Include="src\Library\Shader\PixelShader.cpp">
      <Filter>Library\Shader</Filter>
    </ClCompile>
    <ClCompile Include="src\Library\Shader\ShaderBase.cpp">
      <Filter>Library\Shader</Filter>
    </ClCompile>
    <ClCompile Include="src\Library\Shader\ShaderManager.cpp">
      <Filter>Library\Shader</Filter>
    </ClCompile>
    <ClCompile Include="src\Library\Shader\VertexShader.cpp">
      <Filter>Library\Shader</Filter>
    </ClCompile>
    <ClCompile Include="src\Library\WindowsAPI\Input.cpp">
      <Filter>Library\WindowsAPI</Filter>
    </ClCompile>
    <ClCompile Include="src\Library\WindowsAPI\WindowsAPI.cpp">
      <Filter>Library\WindowsAPI</Filter>
    </ClCompile>
    <ClCompile Include="src\Library\Model\ObjManager.cpp">
      <Filter>Library\Model</Filter>
    </ClCompile>
    <ClCompile Include="src\Library\DirectX\DIrectXTexture.cpp">
      <Filter>Library\DirectX</Filter>
    </ClCompile>
    <ClCompile Include="src\Library\DirectX\Matrix.cpp">
      <Filter>Library\DirectX</Filter>
    </ClCompile>
    <ClCompile Include="src\Library\Lib\WICTextureLoader11.cpp">
      <Filter>Library\Lib</Filter>
    </ClCompile>
    <ClCompile Include="src\Library\WindowsAPI\Mouse.cpp">
      <Filter>Library\WindowsAPI</Filter>
    </ClCompile>
    <ClCompile Include="src\Scene\SceneManager.cpp">
      <Filter>ソース ファイル\Scene</Filter>
    </ClCompile>
    <ClCompile Include="src\Scene\InGame\InGameScene.cpp">
      <Filter>ソース ファイル\Scene\InGame</Filter>
    </ClCompile>
    <ClCompile Include="src\Scene\InGame\Stage.cpp">
      <Filter>ソース ファイル\Scene\InGame</Filter>
    </ClCompile>
    <ClCompile Include="src\Scene\InGame\GameUI.cpp">
      <Filter>ソース ファイル\Scene\InGame</Filter>
    </ClCompile>
    <ClCompile Include="src\Library\Model\Camera.cpp">
      <Filter>Library\Model</Filter>
    </ClCompile>
    <ClCompile Include="src\Library\Library.cpp">
      <Filter>Library</Filter>
    </ClCompile>
    <ClCompile Include="src\Scene\InGame\CameraManager.cpp">
      <Filter>ソース ファイル\Scene\InGame</Filter>
    </ClCompile>
    <ClCompile Include="src\Library\DirectX\Direct2D.cpp">
      <Filter>Library\DirectX</Filter>
    </ClCompile>
    <ClCompile Include="src\Scene\Title\TitleScene.cpp">
      <Filter>ソース ファイル\Scene\Title</Filter>
    </ClCompile>
    <ClCompile Include="src\Scene\InGame\Player.cpp">
      <Filter>ソース ファイル\Scene\InGame</Filter>
    </ClCompile>
    <ClCompile Include="src\Scene\InGame\Bullet.cpp">
      <Filter>ソース ファイル\Scene\InGame</Filter>
    </ClCompile>
    <ClCompile Include="src\Scene\InGame\BulletManager.cpp">
      <Filter>ソース ファイル\Scene\InGame</Filter>
    </ClCompile>
    <ClCompile Include="src\Enemy\EnemyFactory.cpp">
      <Filter>ソース ファイル\Enemy</Filter>
    </ClCompile>
    <ClCompile Include="src\Enemy\Node.cpp">
      <Filter>ソース ファイル\Enemy</Filter>
    </ClCompile>
    <ClCompile Include="src\Enemy\NormalEnemy.cpp">
      <Filter>ソース ファイル\Enemy</Filter>
    </ClCompile>
    <ClCompile Include="src\Enemy\Tree.cpp">
      <Filter>ソース ファイル\Enemy</Filter>
    </ClCompile>
    <ClCompile Include="src\Enemy\ActionLoop.cpp">
      <Filter>ソース ファイル\Enemy</Filter>
    </ClCompile>
    <ClCompile Include="src\Enemy\ActionChase.cpp">
      <Filter>ソース ファイル\Enemy</Filter>
    </ClCompile>
    <ClCompile Include="src\Scene\InGame\Option.cpp">
      <Filter>ソース ファイル\Scene\InGame</Filter>
    </ClCompile>
    <ClCompile Include="src\Enemy\EnemyManager.cpp">
      <Filter>ソース ファイル\Enemy</Filter>
    </ClCompile>
    <ClCompile Include="src\Enemy\ActionDead.cpp">
      <Filter>ソース ファイル\Enemy</Filter>
    </ClCompile>
    <ClCompile Include="src\Enemy\JudgmentDead.cpp">
      <Filter>ソース ファイル\Enemy</Filter>
    </ClCompile>
  </ItemGroup>
  <ItemGroup>
    <ClInclude Include="src\Library\DirectX\DirectXGraphics.h">
      <Filter>Library\DirectX</Filter>
    </ClInclude>
    <ClInclude Include="src\Library\DirectX\Graphics2D.h">
      <Filter>Library\DirectX</Filter>
    </ClInclude>
    <ClInclude Include="src\Library\Model\Obj.h">
      <Filter>Library\Model</Filter>
    </ClInclude>
    <ClInclude Include="src\Library\Shader\PixelShader.h">
      <Filter>Library\Shader</Filter>
    </ClInclude>
    <ClInclude Include="src\Library\Shader\ShaderBase.h">
      <Filter>Library\Shader</Filter>
    </ClInclude>
    <ClInclude Include="src\Library\Shader\ShaderManager.h">
      <Filter>Library\Shader</Filter>
    </ClInclude>
    <ClInclude Include="src\Library\Shader\VertexShader.h">
      <Filter>Library\Shader</Filter>
    </ClInclude>
    <ClInclude Include="src\Library\WindowsAPI\Input.h">
      <Filter>Library\WindowsAPI</Filter>
    </ClInclude>
    <ClInclude Include="src\Library\WindowsAPI\WindowsAPI.h">
      <Filter>Library\WindowsAPI</Filter>
    </ClInclude>
    <ClInclude Include="src\Library\Model\ObjManager.h">
      <Filter>Library\Model</Filter>
    </ClInclude>
    <ClInclude Include="src\Library\DirectX\Matrix.h">
      <Filter>Library\DirectX</Filter>
    </ClInclude>
    <ClInclude Include="src\Library\DirectX\DirectXUtility.h">
      <Filter>Library\DirectX</Filter>
    </ClInclude>
    <ClInclude Include="src\Library\DirectX\DirectXTexture.h">
      <Filter>Library\DirectX</Filter>
    </ClInclude>
    <ClInclude Include="src\Library\Lib\WICTextureLoader11.h">
      <Filter>Library\Lib</Filter>
    </ClInclude>
    <ClInclude Include="src\Library\WindowsAPI\Mouse.h">
      <Filter>Library\WindowsAPI</Filter>
    </ClInclude>
    <ClInclude Include="src\Library\Utility\Singleton.h">
      <Filter>Library\Utility</Filter>
    </ClInclude>
    <ClInclude Include="src\Scene\SceneManager.h">
      <Filter>ソース ファイル\Scene</Filter>
    </ClInclude>
    <ClInclude Include="src\Scene\SceneBase.h">
      <Filter>ソース ファイル\Scene</Filter>
    </ClInclude>
    <ClInclude Include="src\Scene\InGame\InGameScene.h">
      <Filter>ソース ファイル\Scene\InGame</Filter>
    </ClInclude>
    <ClInclude Include="src\Scene\InGame\Stage.h">
      <Filter>ソース ファイル\Scene\InGame</Filter>
    </ClInclude>
    <ClInclude Include="src\Scene\InGame\GameUI.h">
      <Filter>ソース ファイル\Scene\InGame</Filter>
    </ClInclude>
    <ClInclude Include="src\Library\Model\Camera.h">
      <Filter>Library\Model</Filter>
    </ClInclude>
    <ClInclude Include="src\Library\Model\Light.h">
      <Filter>Library\Model</Filter>
    </ClInclude>
    <ClInclude Include="src\Scene\InGame\CameraManager.h">
      <Filter>ソース ファイル\Scene\InGame</Filter>
    </ClInclude>
    <ClInclude Include="src\Library\Library.h">
      <Filter>Library</Filter>
    </ClInclude>
    <ClInclude Include="src\Library\DirectX\Direct2D.h">
      <Filter>Library\DirectX</Filter>
    </ClInclude>
    <ClInclude Include="src\Scene\Title\TitleScene.h">
      <Filter>ソース ファイル\Scene\Title</Filter>
    </ClInclude>
    <ClInclude Include="src\Scene\InGame\Player.h">
      <Filter>ソース ファイル\Scene\InGame</Filter>
    </ClInclude>
    <ClInclude Include="src\Scene\InGame\ObjBase.h">
      <Filter>ソース ファイル\Scene\InGame</Filter>
    </ClInclude>
    <ClInclude Include="src\Scene\InGame\BulletManager.h">
      <Filter>ソース ファイル\Scene\InGame</Filter>
    </ClInclude>
    <ClInclude Include="src\Scene\InGame\Bullet.h">
      <Filter>ソース ファイル\Scene\InGame</Filter>
    </ClInclude>
    <ClInclude Include="src\Scene\InGame\Collision.h">
      <Filter>ソース ファイル\Scene\InGame</Filter>
    </ClInclude>
    <ClInclude Include="src\Enemy\EnemyBase.h">
      <Filter>ソース ファイル\Enemy</Filter>
    </ClInclude>
    <ClInclude Include="src\Enemy\EnemyFactory.h">
      <Filter>ソース ファイル\Enemy</Filter>
    </ClInclude>
    <ClInclude Include="src\Enemy\ExecJudgmentBase.h">
      <Filter>ソース ファイル\Enemy</Filter>
    </ClInclude>
    <ClInclude Include="src\Enemy\Node.h">
      <Filter>ソース ファイル\Enemy</Filter>
    </ClInclude>
    <ClInclude Include="src\Enemy\NormalEnemy.h">
      <Filter>ソース ファイル\Enemy</Filter>
    </ClInclude>
    <ClInclude Include="src\Enemy\Tree.h">
      <Filter>ソース ファイル\Enemy</Filter>
    </ClInclude>
    <ClInclude Include="src\Enemy\ActionBase.h">
      <Filter>ソース ファイル\Enemy</Filter>
    </ClInclude>
    <ClInclude Include="src\Enemy\NodeBase.h">
      <Filter>ソース ファイル\Enemy</Filter>
    </ClInclude>
    <ClInclude Include="src\Enemy\ActionLoop.h">
      <Filter>ソース ファイル\Enemy</Filter>
    </ClInclude>
    <ClInclude Include="src\Enemy\ActionChase.h">
      <Filter>ソース ファイル\Enemy</Filter>
    </ClInclude>
    <ClInclude Include="src\Scene\InGame\Option.h">
      <Filter>ソース ファイル\Scene\InGame</Filter>
    </ClInclude>
    <ClInclude Include="src\Enemy\EnemyManager.h">
      <Filter>ソース ファイル\Enemy</Filter>
    </ClInclude>
    <ClInclude Include="src\Random.h">
      <Filter>ソース ファイル</Filter>
    </ClInclude>
    <ClInclude Include="src\Enemy\ActionDead.h">
      <Filter>ソース ファイル\Enemy</Filter>
    </ClInclude>
    <ClInclude Include="src\Enemy\JudgmentDead.h">
      <Filter>ソース ファイル\Enemy</Filter>
    </ClInclude>
  </ItemGroup>
  <ItemGroup>
    <FxCompile Include="src\Library\HLSL\PixelShader.hlsl">
      <Filter>Library\HLSL</Filter>
    </FxCompile>
    <FxCompile Include="src\Library\HLSL\VertexShader.hlsl">
      <Filter>Library\HLSL</Filter>
    </FxCompile>
    <FxCompile Include="src\Library\HLSL\Vertex2D.hlsl">
      <Filter>Library\HLSL</Filter>
    </FxCompile>
    <FxCompile Include="src\Library\HLSL\VertexObj.hlsl">
      <Filter>Library\HLSL</Filter>
    </FxCompile>
    <FxCompile Include="src\Library\HLSL\PixcelTex.hlsl">
      <Filter>Library\HLSL</Filter>
    </FxCompile>
    <FxCompile Include="src\Library\HLSL\VertexTex.hlsl">
      <Filter>Library\HLSL</Filter>
    </FxCompile>
  </ItemGroup>
</Project>